// !$*UTF8*$!
{
	archiveVersion = 1;
	classes = {
	};
	objectVersion = 50;
	objects = {

/* Begin PBXBuildFile section */
		A97C07BC20E762210057E623 /* Readme.rtf in Resources */ = {isa = PBXBuildFile; fileRef = A97C07BB20E762210057E623 /* Readme.rtf */; };
		A9943A4220C7D62800B7DC08 /* AppDelegate.swift in Sources */ = {isa = PBXBuildFile; fileRef = A9943A4120C7D62800B7DC08 /* AppDelegate.swift */; };
		A9943A4420C7D62800B7DC08 /* ViewController.swift in Sources */ = {isa = PBXBuildFile; fileRef = A9943A4320C7D62800B7DC08 /* ViewController.swift */; };
		A9943A4720C7D62800B7DC08 /* Main.storyboard in Resources */ = {isa = PBXBuildFile; fileRef = A9943A4520C7D62800B7DC08 /* Main.storyboard */; };
		A9943A4920C7D63600B7DC08 /* Assets.xcassets in Resources */ = {isa = PBXBuildFile; fileRef = A9943A4820C7D63600B7DC08 /* Assets.xcassets */; };
		A9943A4C20C7D63600B7DC08 /* LaunchScreen.storyboard in Resources */ = {isa = PBXBuildFile; fileRef = A9943A4A20C7D63600B7DC08 /* LaunchScreen.storyboard */; };
		A9943A5420C7D67500B7DC08 /* APIManager.swift in Sources */ = {isa = PBXBuildFile; fileRef = A9943A5320C7D67500B7DC08 /* APIManager.swift */; };
		A9943A5820C7FC7C00B7DC08 /* TableViewCell.swift in Sources */ = {isa = PBXBuildFile; fileRef = A9943A5720C7FC7C00B7DC08 /* TableViewCell.swift */; };
		A9943A5A20C8131D00B7DC08 /* PostList.swift in Sources */ = {isa = PBXBuildFile; fileRef = A9943A5920C8131D00B7DC08 /* PostList.swift */; };
		B3F0667D3DF95D0E1B1A4D8A /* Pods_MoyaDemo.framework in Frameworks */ = {isa = PBXBuildFile; fileRef = B12E0505B3CBA2C54D3F3CD8 /* Pods_MoyaDemo.framework */; };
/* End PBXBuildFile section */

/* Begin PBXFileReference section */
		7E5B0DCEC5238062B609C79E /* Pods-MoyaDemo.debug.xcconfig */ = {isa = PBXFileReference; includeInIndex = 1; lastKnownFileType = text.xcconfig; name = "Pods-MoyaDemo.debug.xcconfig"; path = "Pods/Target Support Files/Pods-MoyaDemo/Pods-MoyaDemo.debug.xcconfig"; sourceTree = "<group>"; };
		A97C07BB20E762210057E623 /* Readme.rtf */ = {isa = PBXFileReference; lastKnownFileType = text.rtf; path = Readme.rtf; sourceTree = "<group>"; };
		A9943A3E20C7D62800B7DC08 /* MoyaDemo.app */ = {isa = PBXFileReference; explicitFileType = wrapper.application; includeInIndex = 0; path = MoyaDemo.app; sourceTree = BUILT_PRODUCTS_DIR; };
		A9943A4120C7D62800B7DC08 /* AppDelegate.swift */ = {isa = PBXFileReference; lastKnownFileType = sourcecode.swift; path = AppDelegate.swift; sourceTree = "<group>"; };
		A9943A4320C7D62800B7DC08 /* ViewController.swift */ = {isa = PBXFileReference; lastKnownFileType = sourcecode.swift; path = ViewController.swift; sourceTree = "<group>"; };
		A9943A4620C7D62800B7DC08 /* Base */ = {isa = PBXFileReference; lastKnownFileType = file.storyboard; name = Base; path = Base.lproj/Main.storyboard; sourceTree = "<group>"; };
		A9943A4820C7D63600B7DC08 /* Assets.xcassets */ = {isa = PBXFileReference; lastKnownFileType = folder.assetcatalog; path = Assets.xcassets; sourceTree = "<group>"; };
		A9943A4B20C7D63600B7DC08 /* Base */ = {isa = PBXFileReference; lastKnownFileType = file.storyboard; name = Base; path = Base.lproj/LaunchScreen.storyboard; sourceTree = "<group>"; };
		A9943A4D20C7D63600B7DC08 /* Info.plist */ = {isa = PBXFileReference; lastKnownFileType = text.plist.xml; path = Info.plist; sourceTree = "<group>"; };
		A9943A5320C7D67500B7DC08 /* APIManager.swift */ = {isa = PBXFileReference; lastKnownFileType = sourcecode.swift; path = APIManager.swift; sourceTree = "<group>"; };
		A9943A5720C7FC7C00B7DC08 /* TableViewCell.swift */ = {isa = PBXFileReference; lastKnownFileType = sourcecode.swift; path = TableViewCell.swift; sourceTree = "<group>"; };
		A9943A5920C8131D00B7DC08 /* PostList.swift */ = {isa = PBXFileReference; fileEncoding = 4; lastKnownFileType = sourcecode.swift; path = PostList.swift; sourceTree = "<group>"; };
		B12E0505B3CBA2C54D3F3CD8 /* Pods_MoyaDemo.framework */ = {isa = PBXFileReference; explicitFileType = wrapper.framework; includeInIndex = 0; path = Pods_MoyaDemo.framework; sourceTree = BUILT_PRODUCTS_DIR; };
		B3B9F730A506ECA771C26371 /* Pods-MoyaDemo.release.xcconfig */ = {isa = PBXFileReference; includeInIndex = 1; lastKnownFileType = text.xcconfig; name = "Pods-MoyaDemo.release.xcconfig"; path = "Pods/Target Support Files/Pods-MoyaDemo/Pods-MoyaDemo.release.xcconfig"; sourceTree = "<group>"; };
/* End PBXFileReference section */

/* Begin PBXFrameworksBuildPhase section */
		A9943A3B20C7D62800B7DC08 /* Frameworks */ = {
			isa = PBXFrameworksBuildPhase;
			buildActionMask = 2147483647;
			files = (
				B3F0667D3DF95D0E1B1A4D8A /* Pods_MoyaDemo.framework in Frameworks */,
			);
			runOnlyForDeploymentPostprocessing = 0;
		};
/* End PBXFrameworksBuildPhase section */

/* Begin PBXGroup section */
		779205700195E97D5D11AD4E /* Pods */ = {
			isa = PBXGroup;
			children = (
				7E5B0DCEC5238062B609C79E /* Pods-MoyaDemo.debug.xcconfig */,
				B3B9F730A506ECA771C26371 /* Pods-MoyaDemo.release.xcconfig */,
			);
			name = Pods;
			sourceTree = "<group>";
		};
		A9943A3520C7D62800B7DC08 = {
			isa = PBXGroup;
			children = (
				A9943A4020C7D62800B7DC08 /* MoyaDemo */,
				A9943A3F20C7D62800B7DC08 /* Products */,
				779205700195E97D5D11AD4E /* Pods */,
				C9C53E75D0F78BE7CB8B3FF1 /* Frameworks */,
			);
			sourceTree = "<group>";
		};
		A9943A3F20C7D62800B7DC08 /* Products */ = {
			isa = PBXGroup;
			children = (
				A9943A3E20C7D62800B7DC08 /* MoyaDemo.app */,
			);
			name = Products;
			sourceTree = "<group>";
		};
		A9943A4020C7D62800B7DC08 /* MoyaDemo */ = {
			isa = PBXGroup;
			children = (
				A9943A4120C7D62800B7DC08 /* AppDelegate.swift */,
				A9943A4320C7D62800B7DC08 /* ViewController.swift */,
				A9943A4520C7D62800B7DC08 /* Main.storyboard */,
				A9943A5920C8131D00B7DC08 /* PostList.swift */,
				A9943A4820C7D63600B7DC08 /* Assets.xcassets */,
				A9943A4A20C7D63600B7DC08 /* LaunchScreen.storyboard */,
				A9943A4D20C7D63600B7DC08 /* Info.plist */,
				A9943A5320C7D67500B7DC08 /* APIManager.swift */,
				A9943A5720C7FC7C00B7DC08 /* TableViewCell.swift */,
				A97C07BB20E762210057E623 /* Readme.rtf */,
			);
			path = MoyaDemo;
			sourceTree = "<group>";
		};
		C9C53E75D0F78BE7CB8B3FF1 /* Frameworks */ = {
			isa = PBXGroup;
			children = (
				B12E0505B3CBA2C54D3F3CD8 /* Pods_MoyaDemo.framework */,
			);
			name = Frameworks;
			sourceTree = "<group>";
		};
/* End PBXGroup section */

/* Begin PBXNativeTarget section */
		A9943A3D20C7D62800B7DC08 /* MoyaDemo */ = {
			isa = PBXNativeTarget;
			buildConfigurationList = A9943A5020C7D63600B7DC08 /* Build configuration list for PBXNativeTarget "MoyaDemo" */;
			buildPhases = (
				F1C4B0AE7B359D8F4788734C /* [CP] Check Pods Manifest.lock */,
				A9943A3A20C7D62800B7DC08 /* Sources */,
				A9943A3B20C7D62800B7DC08 /* Frameworks */,
				A9943A3C20C7D62800B7DC08 /* Resources */,
				EEB776390DF23D5A1FFA1A57 /* [CP] Embed Pods Frameworks */,
			);
			buildRules = (
			);
			dependencies = (
			);
			name = MoyaDemo;
			productName = MoyaDemo;
			productReference = A9943A3E20C7D62800B7DC08 /* MoyaDemo.app */;
			productType = "com.apple.product-type.application";
		};
/* End PBXNativeTarget section */

/* Begin PBXProject section */
		A9943A3620C7D62800B7DC08 /* Project object */ = {
			isa = PBXProject;
			attributes = {
				LastSwiftUpdateCheck = 0930;
				LastUpgradeCheck = 0930;
				ORGANIZATIONNAME = IndiaNIC;
				TargetAttributes = {
					A9943A3D20C7D62800B7DC08 = {
						CreatedOnToolsVersion = 9.3;
					};
				};
			};
			buildConfigurationList = A9943A3920C7D62800B7DC08 /* Build configuration list for PBXProject "MoyaDemo" */;
			compatibilityVersion = "Xcode 9.3";
			developmentRegion = en;
			hasScannedForEncodings = 0;
			knownRegions = (
				en,
				Base,
			);
			mainGroup = A9943A3520C7D62800B7DC08;
			productRefGroup = A9943A3F20C7D62800B7DC08 /* Products */;
			projectDirPath = "";
			projectRoot = "";
			targets = (
				A9943A3D20C7D62800B7DC08 /* MoyaDemo */,
			);
		};
/* End PBXProject section */

/* Begin PBXResourcesBuildPhase section */
		A9943A3C20C7D62800B7DC08 /* Resources */ = {
			isa = PBXResourcesBuildPhase;
			buildActionMask = 2147483647;
			files = (
				A9943A4C20C7D63600B7DC08 /* LaunchScreen.storyboard in Resources */,
				A9943A4920C7D63600B7DC08 /* Assets.xcassets in Resources */,
				A97C07BC20E762210057E623 /* Readme.rtf in Resources */,
				A9943A4720C7D62800B7DC08 /* Main.storyboard in Resources */,
			);
			runOnlyForDeploymentPostprocessing = 0;
		};
/* End PBXResourcesBuildPhase section */

/* Begin PBXShellScriptBuildPhase section */
		EEB776390DF23D5A1FFA1A57 /* [CP] Embed Pods Frameworks */ = {
			isa = PBXShellScriptBuildPhase;
			buildActionMask = 2147483647;
			files = (
			);
			inputPaths = (
				"${SRCROOT}/Pods/Target Support Files/Pods-MoyaDemo/Pods-MoyaDemo-frameworks.sh",
				"${BUILT_PRODUCTS_DIR}/Alamofire/Alamofire.framework",
				"${BUILT_PRODUCTS_DIR}/Moya/Moya.framework",
				"${BUILT_PRODUCTS_DIR}/Result/Result.framework",
				"${BUILT_PRODUCTS_DIR}/SwiftyJSON/SwiftyJSON.framework",
			);
			name = "[CP] Embed Pods Frameworks";
			outputPaths = (
				"${TARGET_BUILD_DIR}/${FRAMEWORKS_FOLDER_PATH}/Alamofire.framework",
				"${TARGET_BUILD_DIR}/${FRAMEWORKS_FOLDER_PATH}/Moya.framework",
				"${TARGET_BUILD_DIR}/${FRAMEWORKS_FOLDER_PATH}/Result.framework",
				"${TARGET_BUILD_DIR}/${FRAMEWORKS_FOLDER_PATH}/SwiftyJSON.framework",
			);
			runOnlyForDeploymentPostprocessing = 0;
			shellPath = /bin/sh;
			shellScript = "\"${SRCROOT}/Pods/Target Support Files/Pods-MoyaDemo/Pods-MoyaDemo-frameworks.sh\"\n";
			showEnvVarsInLog = 0;
		};
		F1C4B0AE7B359D8F4788734C /* [CP] Check Pods Manifest.lock */ = {
			isa = PBXShellScriptBuildPhase;
			buildActionMask = 2147483647;
			files = (
			);
			inputPaths = (
				"${PODS_PODFILE_DIR_PATH}/Podfile.lock",
				"${PODS_ROOT}/Manifest.lock",
			);
			name = "[CP] Check Pods Manifest.lock";
			outputPaths = (
				"$(DERIVED_FILE_DIR)/Pods-MoyaDemo-checkManifestLockResult.txt",
			);
			runOnlyForDeploymentPostprocessing = 0;
			shellPath = /bin/sh;
			shellScript = "diff \"${PODS_PODFILE_DIR_PATH}/Podfile.lock\" \"${PODS_ROOT}/Manifest.lock\" > /dev/null\nif [ $? != 0 ] ; then\n    # print error to STDERR\n    echo \"error: The sandbox is not in sync with the Podfile.lock. Run 'pod install' or update your CocoaPods installation.\" >&2\n    exit 1\nfi\n# This output is used by Xcode 'outputs' to avoid re-running this script phase.\necho \"SUCCESS\" > \"${SCRIPT_OUTPUT_FILE_0}\"\n";
			showEnvVarsInLog = 0;
		};
/* End PBXShellScriptBuildPhase section */

/* Begin PBXSourcesBuildPhase section */
		A9943A3A20C7D62800B7DC08 /* Sources */ = {
			isa = PBXSourcesBuildPhase;
			buildActionMask = 2147483647;
			files = (
				A9943A5820C7FC7C00B7DC08 /* TableViewCell.swift in Sources */,
				A9943A5A20C8131D00B7DC08 /* PostList.swift in Sources */,
				A9943A5420C7D67500B7DC08 /* APIManager.swift in Sources */,
				A9943A4420C7D62800B7DC08 /* ViewController.swift in Sources */,
				A9943A4220C7D62800B7DC08 /* AppDelegate.swift in Sources */,
			);
			runOnlyForDeploymentPostprocessing = 0;
		};
/* End PBXSourcesBuildPhase section */

/* Begin PBXVariantGroup section */
		A9943A4520C7D62800B7DC08 /* Main.storyboard */ = {
			isa = PBXVariantGroup;
			children = (
				A9943A4620C7D62800B7DC08 /* Base */,
			);
			name = Main.storyboard;
			sourceTree = "<group>";
		};
		A9943A4A20C7D63600B7DC08 /* LaunchScreen.storyboard */ = {
			isa = PBXVariantGroup;
			children = (
				A9943A4B20C7D63600B7DC08 /* Base */,
			);
			name = LaunchScreen.storyboard;
			sourceTree = "<group>";
		};
/* End PBXVariantGroup section */

/* Begin XCBuildConfiguration section */
		A9943A4E20C7D63600B7DC08 /* Debug */ = {
			isa = XCBuildConfiguration;
			buildSettings = {
				ALWAYS_SEARCH_USER_PATHS = NO;
				CLANG_ANALYZER_NONNULL = YES;
				CLANG_ANALYZER_NUMBER_OBJECT_CONVERSION = YES_AGGRESSIVE;
				CLANG_CXX_LANGUAGE_STANDARD = "gnu++14";
				CLANG_CXX_LIBRARY = "libc++";
				CLANG_ENABLE_MODULES = YES;
				CLANG_ENABLE_OBJC_ARC = YES;
				CLANG_ENABLE_OBJC_WEAK = YES;
				CLANG_WARN_BLOCK_CAPTURE_AUTORELEASING = YES;
				CLANG_WARN_BOOL_CONVERSION = YES;
				CLANG_WARN_COMMA = YES;
				CLANG_WARN_CONSTANT_CONVERSION = YES;
				CLANG_WARN_DEPRECATED_OBJC_IMPLEMENTATIONS = YES;
				CLANG_WARN_DIRECT_OBJC_ISA_USAGE = YES_ERROR;
				CLANG_WARN_DOCUMENTATION_COMMENTS = YES;
				CLANG_WARN_EMPTY_BODY = YES;
				CLANG_WARN_ENUM_CONVERSION = YES;
				CLANG_WARN_INFINITE_RECURSION = YES;
				CLANG_WARN_INT_CONVERSION = YES;
				CLANG_WARN_NON_LITERAL_NULL_CONVERSION = YES;
				CLANG_WARN_OBJC_IMPLICIT_RETAIN_SELF = YES;
				CLANG_WARN_OBJC_LITERAL_CONVERSION = YES;
				CLANG_WARN_OBJC_ROOT_CLASS = YES_ERROR;
				CLANG_WARN_RANGE_LOOP_ANALYSIS = YES;
				CLANG_WARN_STRICT_PROTOTYPES = YES;
				CLANG_WARN_SUSPICIOUS_MOVE = YES;
				CLANG_WARN_UNGUARDED_AVAILABILITY = YES_AGGRESSIVE;
				CLANG_WARN_UNREACHABLE_CODE = YES;
				CLANG_WARN__DUPLICATE_METHOD_MATCH = YES;
				CODE_SIGN_IDENTITY = "iPhone Developer";
				COPY_PHASE_STRIP = NO;
				DEBUG_INFORMATION_FORMAT = dwarf;
				ENABLE_STRICT_OBJC_MSGSEND = YES;
				ENABLE_TESTABILITY = YES;
				GCC_C_LANGUAGE_STANDARD = gnu11;
				GCC_DYNAMIC_NO_PIC = NO;
				GCC_NO_COMMON_BLOCKS = YES;
				GCC_OPTIMIZATION_LEVEL = 0;
				GCC_PREPROCESSOR_DEFINITIONS = (
					"DEBUG=1",
					"$(inherited)",
				);
				GCC_WARN_64_TO_32_BIT_CONVERSION = YES;
				GCC_WARN_ABOUT_RETURN_TYPE = YES_ERROR;
				GCC_WARN_UNDECLARED_SELECTOR = YES;
				GCC_WARN_UNINITIALIZED_AUTOS = YES_AGGRESSIVE;
				GCC_WARN_UNUSED_FUNCTION = YES;
				GCC_WARN_UNUSED_VARIABLE = YES;
				IPHONEOS_DEPLOYMENT_TARGET = 11.3;
				MTL_ENABLE_DEBUG_INFO = YES;
				ONLY_ACTIVE_ARCH = YES;
				SDKROOT = iphoneos;
				SWIFT_ACTIVE_COMPILATION_CONDITIONS = DEBUG;
				SWIFT_OPTIMIZATION_LEVEL = "-Onone";
			};
			name = Debug;
		};
		A9943A4F20C7D63600B7DC08 /* Release */ = {
			isa = XCBuildConfiguration;
			buildSettings = {
				ALWAYS_SEARCH_USER_PATHS = NO;
				CLANG_ANALYZER_NONNULL = YES;
				CLANG_ANALYZER_NUMBER_OBJECT_CONVERSION = YES_AGGRESSIVE;
				CLANG_CXX_LANGUAGE_STANDARD = "gnu++14";
				CLANG_CXX_LIBRARY = "libc++";
				CLANG_ENABLE_MODULES = YES;
				CLANG_ENABLE_OBJC_ARC = YES;
				CLANG_ENABLE_OBJC_WEAK = YES;
				CLANG_WARN_BLOCK_CAPTURE_AUTORELEASING = YES;
				CLANG_WARN_BOOL_CONVERSION = YES;
				CLANG_WARN_COMMA = YES;
				CLANG_WARN_CONSTANT_CONVERSION = YES;
				CLANG_WARN_DEPRECATED_OBJC_IMPLEMENTATIONS = YES;
				CLANG_WARN_DIRECT_OBJC_ISA_USAGE = YES_ERROR;
				CLANG_WARN_DOCUMENTATION_COMMENTS = YES;
				CLANG_WARN_EMPTY_BODY = YES;
				CLANG_WARN_ENUM_CONVERSION = YES;
				CLANG_WARN_INFINITE_RECURSION = YES;
				CLANG_WARN_INT_CONVERSION = YES;
				CLANG_WARN_NON_LITERAL_NULL_CONVERSION = YES;
				CLANG_WARN_OBJC_IMPLICIT_RETAIN_SELF = YES;
				CLANG_WARN_OBJC_LITERAL_CONVERSION = YES;
				CLANG_WARN_OBJC_ROOT_CLASS = YES_ERROR;
				CLANG_WARN_RANGE_LOOP_ANALYSIS = YES;
				CLANG_WARN_STRICT_PROTOTYPES = YES;
				CLANG_WARN_SUSPICIOUS_MOVE = YES;
				CLANG_WARN_UNGUARDED_AVAILABILITY = YES_AGGRESSIVE;
				CLANG_WARN_UNREACHABLE_CODE = YES;
				CLANG_WARN__DUPLICATE_METHOD_MATCH = YES;
				CODE_SIGN_IDENTITY = "iPhone Developer";
				COPY_PHASE_STRIP = NO;
				DEBUG_INFORMATION_FORMAT = "dwarf-with-dsym";
				ENABLE_NS_ASSERTIONS = NO;
				ENABLE_STRICT_OBJC_MSGSEND = YES;
				GCC_C_LANGUAGE_STANDARD = gnu11;
				GCC_NO_COMMON_BLOCKS = YES;
				GCC_WARN_64_TO_32_BIT_CONVERSION = YES;
				GCC_WARN_ABOUT_RETURN_TYPE = YES_ERROR;
				GCC_WARN_UNDECLARED_SELECTOR = YES;
				GCC_WARN_UNINITIALIZED_AUTOS = YES_AGGRESSIVE;
				GCC_WARN_UNUSED_FUNCTION = YES;
				GCC_WARN_UNUSED_VARIABLE = YES;
				IPHONEOS_DEPLOYMENT_TARGET = 11.3;
				MTL_ENABLE_DEBUG_INFO = NO;
				SDKROOT = iphoneos;
				SWIFT_COMPILATION_MODE = wholemodule;
				SWIFT_OPTIMIZATION_LEVEL = "-O";
				VALIDATE_PRODUCT = YES;
			};
			name = Release;
		};
		A9943A5120C7D63600B7DC08 /* Debug */ = {
			isa = XCBuildConfiguration;
			baseConfigurationReference = 7E5B0DCEC5238062B609C79E /* Pods-MoyaDemo.debug.xcconfig */;
			buildSettings = {
				ASSETCATALOG_COMPILER_APPICON_NAME = AppIcon;
				CODE_SIGN_STYLE = Automatic;
				INFOPLIST_FILE = MoyaDemo/Info.plist;
				LD_RUNPATH_SEARCH_PATHS = (
					"$(inherited)",
					"@executable_path/Frameworks",
				);
				PRODUCT_BUNDLE_IDENTIFIER = com.indianic.MoyaDemo;
				PRODUCT_NAME = "$(TARGET_NAME)";
				SWIFT_VERSION = 4.0;
				TARGETED_DEVICE_FAMILY = "1,2";
			};
			name = Debug;
		};
		A9943A5220C7D63600B7DC08 /* Release */ = {
			isa = XCBuildConfiguration;
			baseConfigurationReference = B3B9F730A506ECA771C26371 /* Pods-MoyaDemo.release.xcconfig */;
			buildSettings = {
				ASSETCATALOG_COMPILER_APPICON_NAME = AppIcon;
				CODE_SIGN_STYLE = Automatic;
				INFOPLIST_FILE = MoyaDemo/Info.plist;
				LD_RUNPATH_SEARCH_PATHS = (
					"$(inherited)",
					"@executable_path/Frameworks",
				);
				PRODUCT_BUNDLE_IDENTIFIER = com.indianic.MoyaDemo;
				PRODUCT_NAME = "$(TARGET_NAME)";
				SWIFT_VERSION = 4.0;
				TARGETED_DEVICE_FAMILY = "1,2";
			};
			name = Release;
		};
/* End XCBuildConfiguration section */

/* Begin XCConfigurationList section */
		A9943A3920C7D62800B7DC08 /* Build configuration list for PBXProject "MoyaDemo" */ = {
			isa = XCConfigurationList;
			buildConfigurations = (
				A9943A4E20C7D63600B7DC08 /* Debug */,
				A9943A4F20C7D63600B7DC08 /* Release */,
			);
			defaultConfigurationIsVisible = 0;
			defaultConfigurationName = Release;
		};
		A9943A5020C7D63600B7DC08 /* Build configuration list for PBXNativeTarget "MoyaDemo" */ = {
			isa = XCConfigurationList;
			buildConfigurations = (
				A9943A5120C7D63600B7DC08 /* Debug */,
				A9943A5220C7D63600B7DC08 /* Release */,
			);
			defaultConfigurationIsVisible = 0;
			defaultConfigurationName = Release;
		};
/* End XCConfigurationList section */
	};
	rootObject = A9943A3620C7D62800B7DC08 /* Project object */;
}
